{
  "lockfileVersion": 1,
  "configVersion": 1,
  "workspaces": {
    "": {
      "name": "absolutejs-devices-workspace",
      "devDependencies": {
        "@types/bun": "latest",
        "prettier": "latest",
        "typescript": "5.9.3",
      },
    },
    "packages/devices": {
      "name": "@absolutejs/devices",
      "version": "0.6.0",
    },
    "packages/devices-capacitor": {
      "name": "@absolutejs/devices-capacitor",
      "version": "0.7.0",
      "dependencies": {
        "@capacitor/app": "^8.0.0",
        "@capacitor/browser": "^8.0.0",
        "@capacitor/network": "^8.0.0",
        "@capacitor/preferences": "^8.0.0",
      },
      "devDependencies": {
        "@absolutejs/devices": "workspace:*",
        "@capacitor/camera": "8.2.3",
        "@capacitor/clipboard": "8.0.1",
        "@capacitor/file-viewer": "2.0.2",
        "@capacitor/filesystem": "8.1.3",
        "@capacitor/geolocation": "8.2.2",
        "@capacitor/haptics": "8.0.2",
        "@capacitor/local-notifications": "8.2.1",
        "@capacitor/push-notifications": "8.1.2",
        "@capacitor/share": "8.0.1",
      },
      "peerDependencies": {
        "@absolutejs/devices": "^0.6.0",
        "@capacitor/camera": ">=8.1 <9",
        "@capacitor/clipboard": ">=8 <9",
        "@capacitor/core": ">=8 <9",
        "@capacitor/file-viewer": ">=2 <3",
        "@capacitor/filesystem": ">=8.1 <9",
        "@capacitor/geolocation": ">=8.2 <9",
        "@capacitor/haptics": ">=8 <9",
        "@capacitor/local-notifications": ">=8.2 <8.3",
        "@capacitor/push-notifications": ">=8.1 <9",
        "@capacitor/share": ">=8 <9",
      },
      "optionalPeers": [
        "@capacitor/camera",
        "@capacitor/clipboard",
        "@capacitor/file-viewer",
        "@capacitor/filesystem",
        "@capacitor/geolocation",
        "@capacitor/haptics",
        "@capacitor/local-notifications",
        "@capacitor/push-notifications",
        "@capacitor/share",
      ],
    },
  },
  "packages": {
    "@absolutejs/devices": ["@absolutejs/devices@workspace:packages/devices"],

    "@absolutejs/devices-capacitor": ["@absolutejs/devices-capacitor@workspace:packages/devices-capacitor"],

    "@capacitor/app": ["@capacitor/app@8.1.1", "", { "peerDependencies": { "@capacitor/core": ">=8.0.0" } }, "sha512-xM2ZTX5jK60tFtmjsmJv+Cdj1Qsb6NcavkqmdEnCPQBeya9oKhamZJxYOnQNj1ZvcJM7sWfG6BEtSLx42pisbA=="],

    "@capacitor/browser": ["@capacitor/browser@8.0.4", "", { "peerDependencies": { "@capacitor/core": ">=8.0.0" } }, "sha512-ORZ4u/y+7aMuu6yVuk6SP529fUZyqcbnuHB1q5McpA3o2SYfVoi28iB8rsQjI2ad1qlKJd29ZUuGtspXLBDlWg=="],

    "@capacitor/camera": ["@capacitor/camera@8.2.3", "", { "peerDependencies": { "@capacitor/core": ">=8.0.0" } }, "sha512-x9Pl5UgvrZyU5Hl53Fly9f6u019hhgN+gSdDgi+WygxK9DUVuYKjigplOXz3VJQ9m8ttUSjqN/rAC3JVnyEzcA=="],

    "@capacitor/clipboard": ["@capacitor/clipboard@8.0.1", "", { "peerDependencies": { "@capacitor/core": ">=8.0.0" } }, "sha512-iOlbTi8MojKyLnYE+M27priXid7vHd0PlDwyHohPzkuQ8Rkp6q7ykwZmPEUD+OnU/Ink7Qw/pUOfKgraKmA6Eg=="],

    "@capacitor/core": ["@capacitor/core@8.5.0", "", { "dependencies": { "tslib": "^2.1.0" } }, "sha512-Ca4krtqH1hothjtBIwf2J2TW7IhYq1ujp8QeItTiJohNsqij8ja2DYYH3DU0l8RmxCWaBAFTGA2TgOgOMCSNsQ=="],

    "@capacitor/file-viewer": ["@capacitor/file-viewer@2.0.2", "", { "dependencies": { "@capacitor/synapse": "^1.0.4" }, "peerDependencies": { "@capacitor/core": ">=8.0.0" } }, "sha512-1D3X2bddNsNEC1WeXod2mnCMe8Iyv7nhVl2f0XCBABM9gJ65GoP5bqbIUiTZQDtGeNHlumg5EHpyvrWbqoyrfw=="],

    "@capacitor/filesystem": ["@capacitor/filesystem@8.1.3", "", { "dependencies": { "@capacitor/synapse": "^1.0.4" }, "peerDependencies": { "@capacitor/core": ">=8.0.0" } }, "sha512-GNBlRkaXEEb+6WP/YsDXr2zygyOHoieuye6viyd2ZkEdBwfseG41jxfarVxLWH0r0owhyNUbwJ/Qi8fubqr6wA=="],

    "@capacitor/geolocation": ["@capacitor/geolocation@8.2.2", "", { "dependencies": { "@capacitor/synapse": "^1.0.4" }, "peerDependencies": { "@capacitor/core": ">=8.0.0" } }, "sha512-X8ryw6CfL4LspJnnfVL4++DUKKZVfdUIA9JljWVRljEDIQxZQZtz6xf7qstht+ymc+le6oa5EaUChVA6KsCYlA=="],

    "@capacitor/haptics": ["@capacitor/haptics@8.0.2", "", { "peerDependencies": { "@capacitor/core": ">=8.0.0" } }, "sha512-c2hZzRR5Fk1tbTvhG1jhh2XBAf3EhnIerMIb2sl7Mt41Gxx1fhBJFDa0/BI1IbY4loVepyyuqNC9820/GZuoWQ=="],

    "@capacitor/local-notifications": ["@capacitor/local-notifications@8.2.1", "", { "peerDependencies": { "@capacitor/core": ">=8.0.0" } }, "sha512-Bkim+MGl7UrDTjDferV4ECq0aWciTsa0k15+MX2jnx2PeWgEPvlBy5yrqzBlwEZPrtHFUvPVxPi5V66MPGHkAw=="],

    "@capacitor/network": ["@capacitor/network@8.0.1", "", { "peerDependencies": { "@capacitor/core": ">=8.0.0" } }, "sha512-9xK/FHFmzKGanB6BdoSZOzXk8vF0OFVQSQ4PAsIrzAzLuXHryO317qy8dcHVpgxYeuZq2noI0My9z1DvVDi/9w=="],

    "@capacitor/preferences": ["@capacitor/preferences@8.0.1", "", { "peerDependencies": { "@capacitor/core": ">=8.0.0" } }, "sha512-T6no3ebi79XJCk91U3Jp/liJUwgBdvHR+s6vhvPkPxSuch7z3zx5Rv1bdWM6sWruNx+pViuEGqZvbfCdyBvcHQ=="],

    "@capacitor/push-notifications": ["@capacitor/push-notifications@8.1.2", "", { "peerDependencies": { "@capacitor/core": ">=8.0.0" } }, "sha512-TQl4XxqJfNF+KbSYBFMXYYT5WXUaleVKXlByhh/8+KySMVNjp+l5OqAUoGe/sY1IAnGXEuUeCjA/WLZEVvGwrA=="],

    "@capacitor/share": ["@capacitor/share@8.0.1", "", { "peerDependencies": { "@capacitor/core": ">=8.0.0" } }, "sha512-3cSBKBCJVon54rKDROP2rqGyeGks4pBh9TbaEk9S375Kbek/ZHe72N50zIa0Vn9Eac/SuhwgehO/mmA4CsUOiw=="],

    "@capacitor/synapse": ["@capacitor/synapse@1.0.4", "", {}, "sha512-/C1FUo8/OkKuAT4nCIu/34ny9siNHr9qtFezu4kxm6GY1wNFxrCFWjfYx5C1tUhVGz3fxBABegupkpjXvjCHrw=="],

    "@types/bun": ["@types/bun@1.3.14", "", { "dependencies": { "bun-types": "1.3.14" } }, "sha512-h1hFqFVcvAvD9j9K7ZW7vd82aSA+rTdznZa+5bwvCwqSB1jmmfLcbIWhOLx1/+boy/xmjgCs/OMUL8hRJSmnPw=="],

    "@types/node": ["@types/node@26.2.0", "", { "dependencies": { "undici-types": "~8.3.0" } }, "sha512-5IviulTZeRNp2vAJ514cc/HUlY5nZ9fCbq9DMyC52BrhFZACo3nI0R7qBxhQmo/d27NFe96ur/b7Wwxklda+kg=="],

    "bun-types": ["bun-types@1.3.14", "", { "dependencies": { "@types/node": "*" } }, "sha512-4N0ig0fEomHt5R0KCFWjovxow98rIoRwKolrYdCcknNwMekCXRnWEUvgu5soYV8QXtVsrUD8B95MBOZGPvr6KQ=="],

    "prettier": ["prettier@3.9.6", "", { "bin": { "prettier": "bin/prettier.cjs" } }, "sha512-OpN0zzVdiaiAhxpuuj5efpIS4sY9j7bY6uR5mnj5yPzGkdkjNKSJeUThPb60Jw29QuAZgA4o+/iB49kFiaBX6g=="],

    "tslib": ["tslib@2.8.1", "", {}, "sha512-oJFu94HQb+KVduSUQL7wnpmqnfmLsOA/nAh6b6EH0wCEoK0/mPeXU6c3wKDV83MkOuHPRHtSXKKU99IBazS/2w=="],

    "typescript": ["typescript@5.9.3", "", { "bin": { "tsc": "bin/tsc", "tsserver": "bin/tsserver" } }, "sha512-jl1vZzPDinLr9eUt3J/t7V6FgNEw9QjvBPdysz9KfQDD41fQrC2Y4vKQdiaUpFT4bXlb1RHhLpp8wtm6M5TgSw=="],

    "undici-types": ["undici-types@8.3.0", "", {}, "sha512-j375ScV60dom+YkPFIfTLcOiPxkN/buHz5GobjLhixFuANaNs3C9l4GmrWqejgXWJ7BbJcFYpTEUkS1Ge8bpZQ=="],
  }
}
